{
  "name": "app-native-template-node",
  "version": "1.0.0",
  "lockfileVersion": 1,
  "requires": true,
  "dependencies": {
    "@nimbus-ds/icons": {
      "version": "1.5.0",
      "resolved": "https://registry.npmjs.org/@nimbus-ds/icons/-/icons-1.5.0.tgz",
      "integrity": "sha512-0gmB/tWMQFWBiV0xc0BSjlr9eUrp0lqMfrXRhdxuI7fr4xGSwDIiNrb0ZznFv7omexwlDwd0zp/R41L5WMIA+Q=="
    }
  }
}
